
Microsoft Visual Studio Solution File, Format Version 12.00
# Visual Studio Version 17
VisualStudioVersion = 17.7.34221.43
MinimumVisualStudioVersion = 10.0.40219.1
Project("{FAE04EC0-301F-11D3-BF4B-00C04F79EFBC}") = "Groccery Shop", "Groccery Shop\Groccery Shop.csproj", "{A3DB4AD0-EE8F-4E22-9A14-0554CD7212CB}"
EndProject
Global
	GlobalSection(SolutionConfigurationPlatforms) = preSolution
		Debug|Any CPU = Debug|Any CPU
		Release|Any CPU = Release|Any CPU
	EndGlobalSection
	GlobalSection(ProjectConfigurationPlatforms) = postSolution
		{A3DB4AD0-EE8F-4E22-9A14-0554CD7212CB}.Debug|Any CPU.ActiveCfg = Debug|Any CPU
		{A3DB4AD0-EE8F-4E22-9A14-0554CD7212CB}.Debug|Any CPU.Build.0 = Debug|Any CPU
		{A3DB4AD0-EE8F-4E22-9A14-0554CD7212CB}.Release|Any CPU.ActiveCfg = Release|Any CPU
		{A3DB4AD0-EE8F-4E22-9A14-0554CD7212CB}.Release|Any CPU.Build.0 = Release|Any CPU
	EndGlobalSection
	GlobalSection(SolutionProperties) = preSolution
		HideSolutionNode = FALSE
	EndGlobalSection
	GlobalSection(ExtensibilityGlobals) = postSolution
		SolutionGuid = {8BD6406F-CCDC-4AFE-ACFE-1A4425CA990F}
	EndGlobalSection
EndGlobal
